
Microsoft Visual Studio Solution File, Format Version 12.00
# Visual Studio Version 16
VisualStudioVersion = 16.0.29920.165
MinimumVisualStudioVersion = 10.0.40219.1
Project("{FAE04EC0-301F-11D3-BF4B-00C04F79EFBC}") = "FreeDiscussions.Client", "FreeDiscussions.Client\FreeDiscussions.Client.csproj", "{C9B50227-74A6-4AEE-B497-38B92BFC1B52}"
EndProject
Global
	GlobalSection(SolutionConfigurationPlatforms) = preSolution
		Debug|Any CPU = Debug|Any CPU
		Release|Any CPU = Release|Any CPU
	EndGlobalSection
	GlobalSection(ProjectConfigurationPlatforms) = postSolution
		{C9B50227-74A6-4AEE-B497-38B92BFC1B52}.Debug|Any CPU.ActiveCfg = Debug|Any CPU
		{C9B50227-74A6-4AEE-B497-38B92BFC1B52}.Debug|Any CPU.Build.0 = Debug|Any CPU
		{C9B50227-74A6-4AEE-B497-38B92BFC1B52}.Release|Any CPU.ActiveCfg = Release|Any CPU
		{C9B50227-74A6-4AEE-B497-38B92BFC1B52}.Release|Any CPU.Build.0 = Release|Any CPU
	EndGlobalSection
	GlobalSection(SolutionProperties) = preSolution
		HideSolutionNode = FALSE
	EndGlobalSection
	GlobalSection(ExtensibilityGlobals) = postSolution
		SolutionGuid = {FE8890E7-A760-4FC0-8C11-8814B50F9F9B}
	EndGlobalSection
EndGlobal
